
Microsoft Visual Studio Solution File, Format Version 12.00
# Visual Studio Version 17
VisualStudioVersion = 17.5.33516.290
MinimumVisualStudioVersion = 10.0.40219.1
Project("{FAE04EC0-301F-11D3-BF4B-00C04F79EFBC}") = "MeetingRoomBooking", "MeetingRoomBooking\MeetingRoomBooking.csproj", "{1615E700-B90B-408F-B49D-96E65381256E}"
EndProject
Project("{FAE04EC0-301F-11D3-BF4B-00C04F79EFBC}") = "Services", "Services\Services.csproj", "{9C7B7ED7-2343-4E59-8CDB-1206CF5ED448}"
EndProject
Project("{FAE04EC0-301F-11D3-BF4B-00C04F79EFBC}") = "Models", "Models\Models.csproj", "{F53DC2ED-2E8E-461B-BC43-7DF75FF25265}"
EndProject
Global
	GlobalSection(SolutionConfigurationPlatforms) = preSolution
		Debug|Any CPU = Debug|Any CPU
		Release|Any CPU = Release|Any CPU
	EndGlobalSection
	GlobalSection(ProjectConfigurationPlatforms) = postSolution
		{1615E700-B90B-408F-B49D-96E65381256E}.Debug|Any CPU.ActiveCfg = Debug|Any CPU
		{1615E700-B90B-408F-B49D-96E65381256E}.Debug|Any CPU.Build.0 = Debug|Any CPU
		{1615E700-B90B-408F-B49D-96E65381256E}.Release|Any CPU.ActiveCfg = Release|Any CPU
		{1615E700-B90B-408F-B49D-96E65381256E}.Release|Any CPU.Build.0 = Release|Any CPU
		{9C7B7ED7-2343-4E59-8CDB-1206CF5ED448}.Debug|Any CPU.ActiveCfg = Debug|Any CPU
		{9C7B7ED7-2343-4E59-8CDB-1206CF5ED448}.Debug|Any CPU.Build.0 = Debug|Any CPU
		{9C7B7ED7-2343-4E59-8CDB-1206CF5ED448}.Release|Any CPU.ActiveCfg = Release|Any CPU
		{9C7B7ED7-2343-4E59-8CDB-1206CF5ED448}.Release|Any CPU.Build.0 = Release|Any CPU
		{F53DC2ED-2E8E-461B-BC43-7DF75FF25265}.Debug|Any CPU.ActiveCfg = Debug|Any CPU
		{F53DC2ED-2E8E-461B-BC43-7DF75FF25265}.Debug|Any CPU.Build.0 = Debug|Any CPU
		{F53DC2ED-2E8E-461B-BC43-7DF75FF25265}.Release|Any CPU.ActiveCfg = Release|Any CPU
		{F53DC2ED-2E8E-461B-BC43-7DF75FF25265}.Release|Any CPU.Build.0 = Release|Any CPU
	EndGlobalSection
	GlobalSection(SolutionProperties) = preSolution
		HideSolutionNode = FALSE
	EndGlobalSection
	GlobalSection(ExtensibilityGlobals) = postSolution
		SolutionGuid = {B04A7E09-A842-44FC-B7AB-A88EEE7F8304}
	EndGlobalSection
EndGlobal
